
Microsoft Visual Studio Solution File, Format Version 12.00
# Visual Studio Version 17
VisualStudioVersion = 17.14.36127.28 d17.14
MinimumVisualStudioVersion = 10.0.40219.1
Project("{FAE04EC0-301F-11D3-BF4B-00C04F79EFBC}") = "QuizClient", "QuizClient\QuizClient.csproj", "{E1B45B9C-933B-469A-96BF-65768BDB4647}"
EndProject
Global
	GlobalSection(SolutionConfigurationPlatforms) = preSolution
		Debug|Any CPU = Debug|Any CPU
		Release|Any CPU = Release|Any CPU
	EndGlobalSection
	GlobalSection(ProjectConfigurationPlatforms) = postSolution
		{E1B45B9C-933B-469A-96BF-65768BDB4647}.Debug|Any CPU.ActiveCfg = Debug|Any CPU
		{E1B45B9C-933B-469A-96BF-65768BDB4647}.Debug|Any CPU.Build.0 = Debug|Any CPU
		{E1B45B9C-933B-469A-96BF-65768BDB4647}.Release|Any CPU.ActiveCfg = Release|Any CPU
		{E1B45B9C-933B-469A-96BF-65768BDB4647}.Release|Any CPU.Build.0 = Release|Any CPU
	EndGlobalSection
	GlobalSection(SolutionProperties) = preSolution
		HideSolutionNode = FALSE
	EndGlobalSection
	GlobalSection(ExtensibilityGlobals) = postSolution
		SolutionGuid = {7DFEACDD-E6EB-40A3-93C1-D0A8A1373E33}
	EndGlobalSection
EndGlobal
